
Microsoft Visual Studio Solution File, Format Version 12.00
# Visual Studio 15
VisualStudioVersion = 15.0.27703.2035
MinimumVisualStudioVersion = 10.0.40219.1
Project("{FAE04EC0-301F-11D3-BF4B-00C04F79EFBC}") = "TestOhTest", "TestOhTest\TestOhTest.csproj", "{FD85933E-BDA3-4099-9C38-521B33C4DEFA}"
EndProject
Global
	GlobalSection(SolutionConfigurationPlatforms) = preSolution
		Debug|Any CPU = Debug|Any CPU
		Release|Any CPU = Release|Any CPU
	EndGlobalSection
	GlobalSection(ProjectConfigurationPlatforms) = postSolution
		{FD85933E-BDA3-4099-9C38-521B33C4DEFA}.Debug|Any CPU.ActiveCfg = Debug|Any CPU
		{FD85933E-BDA3-4099-9C38-521B33C4DEFA}.Debug|Any CPU.Build.0 = Debug|Any CPU
		{FD85933E-BDA3-4099-9C38-521B33C4DEFA}.Release|Any CPU.ActiveCfg = Release|Any CPU
		{FD85933E-BDA3-4099-9C38-521B33C4DEFA}.Release|Any CPU.Build.0 = Release|Any CPU
	EndGlobalSection
	GlobalSection(SolutionProperties) = preSolution
		HideSolutionNode = FALSE
	EndGlobalSection
	GlobalSection(ExtensibilityGlobals) = postSolution
		SolutionGuid = {1262022D-3BE9-4824-B38F-5A9306CBFD68}
	EndGlobalSection
EndGlobal
